// !$*UTF8*$!
{
	archiveVersion = 1;
	classes = {
	};
	objectVersion = 46;
	objects = {

/* Begin PBXBuildFile section */
		132263781B9825D400D21637 /* UIDevice+Util.m in Sources */ = {isa = PBXBuildFile; fileRef = 132263771B9825D400D21637 /* UIDevice+Util.m */; };
		132263A21B9C7DC200D21637 /* LocalNotificationManager.m in Sources */ = {isa = PBXBuildFile; fileRef = 132263A11B9C7DC200D21637 /* LocalNotificationManager.m */; };
		132263A81B9C809400D21637 /* FirstViewController.m in Sources */ = {isa = PBXBuildFile; fileRef = 132263A51B9C809400D21637 /* FirstViewController.m */; };
		132263A91B9C809400D21637 /* SecondViewController.m in Sources */ = {isa = PBXBuildFile; fileRef = 132263A71B9C809400D21637 /* SecondViewController.m */; };
		133B07A21B9FBCA30015E752 /* HelpViewController.m in Sources */ = {isa = PBXBuildFile; fileRef = 133B07A11B9FBCA30015E752 /* HelpViewController.m */; };
		133B07AD1B9FC46A0015E752 /* Questions in Resources */ = {isa = PBXBuildFile; fileRef = 133B07AC1B9FC46A0015E752 /* Questions */; };
		135B21891B900394005CE84A /* main.m in Sources */ = {isa = PBXBuildFile; fileRef = 135B21881B900394005CE84A /* main.m */; };
		135B218C1B900394005CE84A /* AppDelegate.m in Sources */ = {isa = PBXBuildFile; fileRef = 135B218B1B900394005CE84A /* AppDelegate.m */; };
		135B21971B900394005CE84A /* Images.xcassets in Resources */ = {isa = PBXBuildFile; fileRef = 135B21961B900394005CE84A /* Images.xcassets */; };
		135B21A61B900394005CE84A /* planTests.m in Sources */ = {isa = PBXBuildFile; fileRef = 135B21A51B900394005CE84A /* planTests.m */; };
		135B21B31B900FFE005CE84A /* ThreeSubView.m in Sources */ = {isa = PBXBuildFile; fileRef = 135B21B21B900FFE005CE84A /* ThreeSubView.m */; };
		135B21CD1B909644005CE84A /* avatarBg@2x.png in Resources */ = {isa = PBXBuildFile; fileRef = 135B21CB1B909644005CE84A /* avatarBg@2x.png */; };
		135B21CE1B909644005CE84A /* avatarDefault@2x.png in Resources */ = {isa = PBXBuildFile; fileRef = 135B21CC1B909644005CE84A /* avatarDefault@2x.png */; };
		135B21D21B909955005CE84A /* Config.m in Sources */ = {isa = PBXBuildFile; fileRef = 135B21D11B909955005CE84A /* Config.m */; };
		135B21DC1B90A145005CE84A /* UIButton+Util.m in Sources */ = {isa = PBXBuildFile; fileRef = 135B21DB1B90A145005CE84A /* UIButton+Util.m */; };
		135B21E01B9136A4005CE84A /* PlanCache.m in Sources */ = {isa = PBXBuildFile; fileRef = 135B21DF1B9136A4005CE84A /* PlanCache.m */; };
		135B21E41B913E46005CE84A /* Settings.m in Sources */ = {isa = PBXBuildFile; fileRef = 135B21E31B913E46005CE84A /* Settings.m */; };
		135B21E71B913EAF005CE84A /* ModelBase.m in Sources */ = {isa = PBXBuildFile; fileRef = 135B21E61B913EAF005CE84A /* ModelBase.m */; };
		135B21EA1B913F77005CE84A /* NSString+Util.m in Sources */ = {isa = PBXBuildFile; fileRef = 135B21E91B913F77005CE84A /* NSString+Util.m */; };
		135B21ED1B9142BE005CE84A /* Plan.m in Sources */ = {isa = PBXBuildFile; fileRef = 135B21EC1B9142BE005CE84A /* Plan.m */; };
		135B22091B92B126005CE84A /* UIViewController+Util.m in Sources */ = {isa = PBXBuildFile; fileRef = 135B22081B92B126005CE84A /* UIViewController+Util.m */; };
		135B220D1B92B2B5005CE84A /* Btn_Add@2x.png in Resources */ = {isa = PBXBuildFile; fileRef = 135B220C1B92B2B5005CE84A /* Btn_Add@2x.png */; };
		135B22101B92B417005CE84A /* Bg_Cell_White@2x.png in Resources */ = {isa = PBXBuildFile; fileRef = 135B220F1B92B417005CE84A /* Bg_Cell_White@2x.png */; };
		135B22151B92C0D4005CE84A /* FatherViewController.m in Sources */ = {isa = PBXBuildFile; fileRef = 135B22141B92C0D4005CE84A /* FatherViewController.m */; };
		135B221C1B92E72A005CE84A /* AlertCenter.m in Sources */ = {isa = PBXBuildFile; fileRef = 135B221B1B92E72A005CE84A /* AlertCenter.m */; };
		135B221F1B92E74C005CE84A /* PromptMessage.m in Sources */ = {isa = PBXBuildFile; fileRef = 135B221E1B92E74C005CE84A /* PromptMessage.m */; };
		135B22221B92E837005CE84A /* UILabel+Util.m in Sources */ = {isa = PBXBuildFile; fileRef = 135B22211B92E837005CE84A /* UILabel+Util.m */; };
		135B22281B92F4C1005CE84A /* Btn_SectionUp@2x.png in Resources */ = {isa = PBXBuildFile; fileRef = 135B22271B92F4C1005CE84A /* Btn_SectionUp@2x.png */; };
		135B222B1B92FDEB005CE84A /* PlanCell.m in Sources */ = {isa = PBXBuildFile; fileRef = 135B222A1B92FDEB005CE84A /* PlanCell.m */; };
		135B222F1B9301C9005CE84A /* Btn_Plan_Completed@2x.png in Resources */ = {isa = PBXBuildFile; fileRef = 135B222C1B9301C9005CE84A /* Btn_Plan_Completed@2x.png */; };
		135B22301B9301C9005CE84A /* Btn_Plan_Delete@2x.png in Resources */ = {isa = PBXBuildFile; fileRef = 135B222D1B9301C9005CE84A /* Btn_Plan_Delete@2x.png */; };
		135B22311B9301C9005CE84A /* Btn_Plan_Doing@2x.png in Resources */ = {isa = PBXBuildFile; fileRef = 135B222E1B9301C9005CE84A /* Btn_Plan_Doing@2x.png */; };
		135B22341B932A4F005CE84A /* AddPlanViewController.m in Sources */ = {isa = PBXBuildFile; fileRef = 135B22331B932A4F005CE84A /* AddPlanViewController.m */; };
		135B22361B932C45005CE84A /* Btn_Save@2x.png in Resources */ = {isa = PBXBuildFile; fileRef = 135B22351B932C45005CE84A /* Btn_Save@2x.png */; };
		137700BA1B93E290008C83FD /* PlanSectionView.m in Sources */ = {isa = PBXBuildFile; fileRef = 135B22251B92EE1A005CE84A /* PlanSectionView.m */; };
		137700BB1B93E56A008C83FD /* Main.storyboard in Resources */ = {isa = PBXBuildFile; fileRef = 135B21931B900394005CE84A /* Main.storyboard */; };
		137700BC1B93E56A008C83FD /* LaunchScreen.xib in Resources */ = {isa = PBXBuildFile; fileRef = 135B21981B900394005CE84A /* LaunchScreen.xib */; };
		137700C11B9428B1008C83FD /* Bg_NavigationBar@2x.png in Resources */ = {isa = PBXBuildFile; fileRef = 137700C01B9428B1008C83FD /* Bg_NavigationBar@2x.png */; };
		137700C31B9429FD008C83FD /* LaunchImage@2x.png in Resources */ = {isa = PBXBuildFile; fileRef = 137700C21B9429FD008C83FD /* LaunchImage@2x.png */; };
		137700DB1B952EE5008C83FD /* MoreViewController.m in Sources */ = {isa = PBXBuildFile; fileRef = 137700DA1B952EE5008C83FD /* MoreViewController.m */; };
		137700DE1B953226008C83FD /* Icon_Arrow_Right@2x.png in Resources */ = {isa = PBXBuildFile; fileRef = 137700DD1B953226008C83FD /* Icon_Arrow_Right@2x.png */; };
		137700E11B95335E008C83FD /* UIImage+Util.m in Sources */ = {isa = PBXBuildFile; fileRef = 137700E01B95335E008C83FD /* UIImage+Util.m */; };
		137700E51B9534A4008C83FD /* SettingsViewController.m in Sources */ = {isa = PBXBuildFile; fileRef = 137700E41B9534A4008C83FD /* SettingsViewController.m */; };
		137700E91B953521008C83FD /* AboutViewController.m in Sources */ = {isa = PBXBuildFile; fileRef = 137700E81B953521008C83FD /* AboutViewController.m */; };
		137700EB1B953915008C83FD /* Icon_Logo_512@2x.png in Resources */ = {isa = PBXBuildFile; fileRef = 137700EA1B953915008C83FD /* Icon_Logo_512@2x.png */; };
		137701061B95DF67008C83FD /* Icon_Gender_F_Normal@2x.png in Resources */ = {isa = PBXBuildFile; fileRef = 137701021B95DF67008C83FD /* Icon_Gender_F_Normal@2x.png */; };
		137701071B95DF67008C83FD /* Icon_Gender_F_Selected@2x.png in Resources */ = {isa = PBXBuildFile; fileRef = 137701031B95DF67008C83FD /* Icon_Gender_F_Selected@2x.png */; };
		137701081B95DF67008C83FD /* Icon_Gender_M_Normal@2x.png in Resources */ = {isa = PBXBuildFile; fileRef = 137701041B95DF67008C83FD /* Icon_Gender_M_Normal@2x.png */; };
		137701091B95DF67008C83FD /* Icon_Gender_M_Selected@2x.png in Resources */ = {isa = PBXBuildFile; fileRef = 137701051B95DF67008C83FD /* Icon_Gender_M_Selected@2x.png */; };
		1377010C1B967F31008C83FD /* SettingsSetTextViewController.m in Sources */ = {isa = PBXBuildFile; fileRef = 1377010B1B967F31008C83FD /* SettingsSetTextViewController.m */; };
		1377010F1B9680AC008C83FD /* Bg_Input_Blue@2x.png in Resources */ = {isa = PBXBuildFile; fileRef = 1377010D1B9680AC008C83FD /* Bg_Input_Blue@2x.png */; };
		137701101B9680AC008C83FD /* Bg_Input_Gray@2x.png in Resources */ = {isa = PBXBuildFile; fileRef = 1377010E1B9680AC008C83FD /* Bg_Input_Gray@2x.png */; };
		137701131B9683E3008C83FD /* CommonFunction.m in Sources */ = {isa = PBXBuildFile; fileRef = 137701121B9683E3008C83FD /* CommonFunction.m */; };
		C8A17A0270E972C390BD1398 /* libPods.a in Frameworks */ = {isa = PBXBuildFile; fileRef = E7C51BA1CAD16DA7E729CF56 /* libPods.a */; };
/* End PBXBuildFile section */

/* Begin PBXContainerItemProxy section */
		135B21A01B900394005CE84A /* PBXContainerItemProxy */ = {
			isa = PBXContainerItemProxy;
			containerPortal = 135B217B1B900394005CE84A /* Project object */;
			proxyType = 1;
			remoteGlobalIDString = 135B21821B900394005CE84A;
			remoteInfo = plan;
		};
/* End PBXContainerItemProxy section */

/* Begin PBXFileReference section */
		132263761B9825D400D21637 /* UIDevice+Util.h */ = {isa = PBXFileReference; fileEncoding = 4; lastKnownFileType = sourcecode.c.h; path = "UIDevice+Util.h"; sourceTree = "<group>"; };
		132263771B9825D400D21637 /* UIDevice+Util.m */ = {isa = PBXFileReference; fileEncoding = 4; lastKnownFileType = sourcecode.c.objc; path = "UIDevice+Util.m"; sourceTree = "<group>"; };
		132263A01B9C7DC200D21637 /* LocalNotificationManager.h */ = {isa = PBXFileReference; fileEncoding = 4; lastKnownFileType = sourcecode.c.h; path = LocalNotificationManager.h; sourceTree = "<group>"; };
		132263A11B9C7DC200D21637 /* LocalNotificationManager.m */ = {isa = PBXFileReference; fileEncoding = 4; lastKnownFileType = sourcecode.c.objc; path = LocalNotificationManager.m; sourceTree = "<group>"; };
		132263A41B9C809400D21637 /* FirstViewController.h */ = {isa = PBXFileReference; fileEncoding = 4; lastKnownFileType = sourcecode.c.h; path = FirstViewController.h; sourceTree = "<group>"; };
		132263A51B9C809400D21637 /* FirstViewController.m */ = {isa = PBXFileReference; fileEncoding = 4; lastKnownFileType = sourcecode.c.objc; path = FirstViewController.m; sourceTree = "<group>"; };
		132263A61B9C809400D21637 /* SecondViewController.h */ = {isa = PBXFileReference; fileEncoding = 4; lastKnownFileType = sourcecode.c.h; path = SecondViewController.h; sourceTree = "<group>"; };
		132263A71B9C809400D21637 /* SecondViewController.m */ = {isa = PBXFileReference; fileEncoding = 4; lastKnownFileType = sourcecode.c.objc; path = SecondViewController.m; sourceTree = "<group>"; };
		133B07A01B9FBCA30015E752 /* HelpViewController.h */ = {isa = PBXFileReference; fileEncoding = 4; lastKnownFileType = sourcecode.c.h; path = HelpViewController.h; sourceTree = "<group>"; };
		133B07A11B9FBCA30015E752 /* HelpViewController.m */ = {isa = PBXFileReference; fileEncoding = 4; lastKnownFileType = sourcecode.c.objc; path = HelpViewController.m; sourceTree = "<group>"; };
		133B07AC1B9FC46A0015E752 /* Questions */ = {isa = PBXFileReference; lastKnownFileType = folder; path = Questions; sourceTree = "<group>"; };
		135B21831B900394005CE84A /* plan.app */ = {isa = PBXFileReference; explicitFileType = wrapper.application; includeInIndex = 0; path = plan.app; sourceTree = BUILT_PRODUCTS_DIR; };
		135B21871B900394005CE84A /* Info.plist */ = {isa = PBXFileReference; lastKnownFileType = text.plist.xml; path = Info.plist; sourceTree = "<group>"; };
		135B21881B900394005CE84A /* main.m */ = {isa = PBXFileReference; lastKnownFileType = sourcecode.c.objc; path = main.m; sourceTree = "<group>"; };
		135B218A1B900394005CE84A /* AppDelegate.h */ = {isa = PBXFileReference; lastKnownFileType = sourcecode.c.h; path = AppDelegate.h; sourceTree = "<group>"; };
		135B218B1B900394005CE84A /* AppDelegate.m */ = {isa = PBXFileReference; lastKnownFileType = sourcecode.c.objc; path = AppDelegate.m; sourceTree = "<group>"; };
		135B21941B900394005CE84A /* Base */ = {isa = PBXFileReference; lastKnownFileType = file.storyboard; name = Base; path = Base.lproj/Main.storyboard; sourceTree = "<group>"; };
		135B21961B900394005CE84A /* Images.xcassets */ = {isa = PBXFileReference; lastKnownFileType = folder.assetcatalog; path = Images.xcassets; sourceTree = "<group>"; };
		135B21991B900394005CE84A /* Base */ = {isa = PBXFileReference; lastKnownFileType = file.xib; name = Base; path = Base.lproj/LaunchScreen.xib; sourceTree = "<group>"; };
		135B219F1B900394005CE84A /* planTests.xctest */ = {isa = PBXFileReference; explicitFileType = wrapper.cfbundle; includeInIndex = 0; path = planTests.xctest; sourceTree = BUILT_PRODUCTS_DIR; };
		135B21A41B900394005CE84A /* Info.plist */ = {isa = PBXFileReference; lastKnownFileType = text.plist.xml; path = Info.plist; sourceTree = "<group>"; };
		135B21A51B900394005CE84A /* planTests.m */ = {isa = PBXFileReference; lastKnownFileType = sourcecode.c.objc; path = planTests.m; sourceTree = "<group>"; };
		135B21B11B900FFE005CE84A /* ThreeSubView.h */ = {isa = PBXFileReference; fileEncoding = 4; lastKnownFileType = sourcecode.c.h; path = ThreeSubView.h; sourceTree = "<group>"; };
		135B21B21B900FFE005CE84A /* ThreeSubView.m */ = {isa = PBXFileReference; fileEncoding = 4; lastKnownFileType = sourcecode.c.objc; path = ThreeSubView.m; sourceTree = "<group>"; };
		135B21B51B90117C005CE84A /* CommonMacro.h */ = {isa = PBXFileReference; fileEncoding = 4; lastKnownFileType = sourcecode.c.h; path = CommonMacro.h; sourceTree = "<group>"; };
		135B21B61B9011FF005CE84A /* Macro.h */ = {isa = PBXFileReference; fileEncoding = 4; lastKnownFileType = sourcecode.c.h; path = Macro.h; sourceTree = "<group>"; };
		135B21B81B9012BD005CE84A /* PrefixHeader.pch */ = {isa = PBXFileReference; fileEncoding = 4; lastKnownFileType = sourcecode.c.h; path = PrefixHeader.pch; sourceTree = "<group>"; };
		135B21CB1B909644005CE84A /* avatarBg@2x.png */ = {isa = PBXFileReference; lastKnownFileType = image.png; path = "avatarBg@2x.png"; sourceTree = "<group>"; };
		135B21CC1B909644005CE84A /* avatarDefault@2x.png */ = {isa = PBXFileReference; lastKnownFileType = image.png; path = "avatarDefault@2x.png"; sourceTree = "<group>"; };
		135B21D01B909955005CE84A /* Config.h */ = {isa = PBXFileReference; fileEncoding = 4; lastKnownFileType = sourcecode.c.h; path = Config.h; sourceTree = "<group>"; };
		135B21D11B909955005CE84A /* Config.m */ = {isa = PBXFileReference; fileEncoding = 4; lastKnownFileType = sourcecode.c.objc; path = Config.m; sourceTree = "<group>"; };
		135B21D31B909A8F005CE84A /* StringMacro.h */ = {isa = PBXFileReference; lastKnownFileType = sourcecode.c.h; path = StringMacro.h; sourceTree = "<group>"; };
		135B21D41B909B14005CE84A /* ImageMacro.h */ = {isa = PBXFileReference; lastKnownFileType = sourcecode.c.h; path = ImageMacro.h; sourceTree = "<group>"; };
		135B21D71B909EAB005CE84A /* FontMacro.h */ = {isa = PBXFileReference; fileEncoding = 4; lastKnownFileType = sourcecode.c.h; path = FontMacro.h; sourceTree = "<group>"; };
		135B21D81B90A024005CE84A /* ColorMacro.h */ = {isa = PBXFileReference; fileEncoding = 4; lastKnownFileType = sourcecode.c.h; path = ColorMacro.h; sourceTree = "<group>"; };
		135B21DA1B90A145005CE84A /* UIButton+Util.h */ = {isa = PBXFileReference; fileEncoding = 4; lastKnownFileType = sourcecode.c.h; path = "UIButton+Util.h"; sourceTree = "<group>"; };
		135B21DB1B90A145005CE84A /* UIButton+Util.m */ = {isa = PBXFileReference; fileEncoding = 4; lastKnownFileType = sourcecode.c.objc; path = "UIButton+Util.m"; sourceTree = "<group>"; };
		135B21DE1B9136A4005CE84A /* PlanCache.h */ = {isa = PBXFileReference; fileEncoding = 4; lastKnownFileType = sourcecode.c.h; path = PlanCache.h; sourceTree = "<group>"; };
		135B21DF1B9136A4005CE84A /* PlanCache.m */ = {isa = PBXFileReference; fileEncoding = 4; lastKnownFileType = sourcecode.c.objc; path = PlanCache.m; sourceTree = "<group>"; };
		135B21E21B913E46005CE84A /* Settings.h */ = {isa = PBXFileReference; fileEncoding = 4; lastKnownFileType = sourcecode.c.h; path = Settings.h; sourceTree = "<group>"; };
		135B21E31B913E46005CE84A /* Settings.m */ = {isa = PBXFileReference; fileEncoding = 4; lastKnownFileType = sourcecode.c.objc; path = Settings.m; sourceTree = "<group>"; };
		135B21E51B913EAF005CE84A /* ModelBase.h */ = {isa = PBXFileReference; fileEncoding = 4; lastKnownFileType = sourcecode.c.h; path = ModelBase.h; sourceTree = "<group>"; };
		135B21E61B913EAF005CE84A /* ModelBase.m */ = {isa = PBXFileReference; fileEncoding = 4; lastKnownFileType = sourcecode.c.objc; path = ModelBase.m; sourceTree = "<group>"; };
		135B21E81B913F77005CE84A /* NSString+Util.h */ = {isa = PBXFileReference; fileEncoding = 4; lastKnownFileType = sourcecode.c.h; path = "NSString+Util.h"; sourceTree = "<group>"; };
		135B21E91B913F77005CE84A /* NSString+Util.m */ = {isa = PBXFileReference; fileEncoding = 4; lastKnownFileType = sourcecode.c.objc; path = "NSString+Util.m"; sourceTree = "<group>"; };
		135B21EB1B9142BE005CE84A /* Plan.h */ = {isa = PBXFileReference; fileEncoding = 4; lastKnownFileType = sourcecode.c.h; path = Plan.h; sourceTree = "<group>"; };
		135B21EC1B9142BE005CE84A /* Plan.m */ = {isa = PBXFileReference; fileEncoding = 4; lastKnownFileType = sourcecode.c.objc; path = Plan.m; sourceTree = "<group>"; };
		135B22061B92ADBA005CE84A /* Function.h */ = {isa = PBXFileReference; fileEncoding = 4; lastKnownFileType = sourcecode.c.h; path = Function.h; sourceTree = "<group>"; };
		135B22071B92B126005CE84A /* UIViewController+Util.h */ = {isa = PBXFileReference; fileEncoding = 4; lastKnownFileType = sourcecode.c.h; path = "UIViewController+Util.h"; sourceTree = "<group>"; };
		135B22081B92B126005CE84A /* UIViewController+Util.m */ = {isa = PBXFileReference; fileEncoding = 4; lastKnownFileType = sourcecode.c.objc; path = "UIViewController+Util.m"; sourceTree = "<group>"; };
		135B220A1B92B1EB005CE84A /* Catagory.h */ = {isa = PBXFileReference; fileEncoding = 4; lastKnownFileType = sourcecode.c.h; path = Catagory.h; sourceTree = "<group>"; };
		135B220C1B92B2B5005CE84A /* Btn_Add@2x.png */ = {isa = PBXFileReference; lastKnownFileType = image.png; path = "Btn_Add@2x.png"; sourceTree = "<group>"; };
		135B220F1B92B417005CE84A /* Bg_Cell_White@2x.png */ = {isa = PBXFileReference; lastKnownFileType = image.png; path = "Bg_Cell_White@2x.png"; sourceTree = "<group>"; };
		135B22131B92C0D4005CE84A /* FatherViewController.h */ = {isa = PBXFileReference; fileEncoding = 4; lastKnownFileType = sourcecode.c.h; path = FatherViewController.h; sourceTree = "<group>"; };
		135B22141B92C0D4005CE84A /* FatherViewController.m */ = {isa = PBXFileReference; fileEncoding = 4; lastKnownFileType = sourcecode.c.objc; path = FatherViewController.m; sourceTree = "<group>"; };
		135B221A1B92E72A005CE84A /* AlertCenter.h */ = {isa = PBXFileReference; fileEncoding = 4; lastKnownFileType = sourcecode.c.h; path = AlertCenter.h; sourceTree = "<group>"; };
		135B221B1B92E72A005CE84A /* AlertCenter.m */ = {isa = PBXFileReference; fileEncoding = 4; lastKnownFileType = sourcecode.c.objc; path = AlertCenter.m; sourceTree = "<group>"; };
		135B221D1B92E74C005CE84A /* PromptMessage.h */ = {isa = PBXFileReference; fileEncoding = 4; lastKnownFileType = sourcecode.c.h; path = PromptMessage.h; sourceTree = "<group>"; };
		135B221E1B92E74C005CE84A /* PromptMessage.m */ = {isa = PBXFileReference; fileEncoding = 4; lastKnownFileType = sourcecode.c.objc; path = PromptMessage.m; sourceTree = "<group>"; };
		135B22201B92E837005CE84A /* UILabel+Util.h */ = {isa = PBXFileReference; fileEncoding = 4; lastKnownFileType = sourcecode.c.h; path = "UILabel+Util.h"; sourceTree = "<group>"; };
		135B22211B92E837005CE84A /* UILabel+Util.m */ = {isa = PBXFileReference; fileEncoding = 4; lastKnownFileType = sourcecode.c.objc; path = "UILabel+Util.m"; sourceTree = "<group>"; };
		135B22241B92EE1A005CE84A /* PlanSectionView.h */ = {isa = PBXFileReference; fileEncoding = 4; lastKnownFileType = sourcecode.c.h; path = PlanSectionView.h; sourceTree = "<group>"; };
		135B22251B92EE1A005CE84A /* PlanSectionView.m */ = {isa = PBXFileReference; fileEncoding = 4; lastKnownFileType = sourcecode.c.objc; path = PlanSectionView.m; sourceTree = "<group>"; };
		135B22271B92F4C1005CE84A /* Btn_SectionUp@2x.png */ = {isa = PBXFileReference; lastKnownFileType = image.png; path = "Btn_SectionUp@2x.png"; sourceTree = "<group>"; };
		135B22291B92FDEB005CE84A /* PlanCell.h */ = {isa = PBXFileReference; fileEncoding = 4; lastKnownFileType = sourcecode.c.h; path = PlanCell.h; sourceTree = "<group>"; };
		135B222A1B92FDEB005CE84A /* PlanCell.m */ = {isa = PBXFileReference; fileEncoding = 4; lastKnownFileType = sourcecode.c.objc; path = PlanCell.m; sourceTree = "<group>"; };
		135B222C1B9301C9005CE84A /* Btn_Plan_Completed@2x.png */ = {isa = PBXFileReference; lastKnownFileType = image.png; path = "Btn_Plan_Completed@2x.png"; sourceTree = "<group>"; };
		135B222D1B9301C9005CE84A /* Btn_Plan_Delete@2x.png */ = {isa = PBXFileReference; lastKnownFileType = image.png; path = "Btn_Plan_Delete@2x.png"; sourceTree = "<group>"; };
		135B222E1B9301C9005CE84A /* Btn_Plan_Doing@2x.png */ = {isa = PBXFileReference; lastKnownFileType = image.png; path = "Btn_Plan_Doing@2x.png"; sourceTree = "<group>"; };
		135B22321B932A4F005CE84A /* AddPlanViewController.h */ = {isa = PBXFileReference; fileEncoding = 4; lastKnownFileType = sourcecode.c.h; path = AddPlanViewController.h; sourceTree = "<group>"; };
		135B22331B932A4F005CE84A /* AddPlanViewController.m */ = {isa = PBXFileReference; fileEncoding = 4; lastKnownFileType = sourcecode.c.objc; path = AddPlanViewController.m; sourceTree = "<group>"; };
		135B22351B932C45005CE84A /* Btn_Save@2x.png */ = {isa = PBXFileReference; lastKnownFileType = image.png; path = "Btn_Save@2x.png"; sourceTree = "<group>"; };
		137700C01B9428B1008C83FD /* Bg_NavigationBar@2x.png */ = {isa = PBXFileReference; lastKnownFileType = image.png; path = "Bg_NavigationBar@2x.png"; sourceTree = "<group>"; };
		137700C21B9429FD008C83FD /* LaunchImage@2x.png */ = {isa = PBXFileReference; lastKnownFileType = image.png; path = "LaunchImage@2x.png"; sourceTree = "<group>"; };
		137700D91B952EE5008C83FD /* MoreViewController.h */ = {isa = PBXFileReference; fileEncoding = 4; lastKnownFileType = sourcecode.c.h; path = MoreViewController.h; sourceTree = "<group>"; };
		137700DA1B952EE5008C83FD /* MoreViewController.m */ = {isa = PBXFileReference; fileEncoding = 4; lastKnownFileType = sourcecode.c.objc; path = MoreViewController.m; sourceTree = "<group>"; };
		137700DD1B953226008C83FD /* Icon_Arrow_Right@2x.png */ = {isa = PBXFileReference; lastKnownFileType = image.png; path = "Icon_Arrow_Right@2x.png"; sourceTree = "<group>"; };
		137700DF1B95335E008C83FD /* UIImage+Util.h */ = {isa = PBXFileReference; fileEncoding = 4; lastKnownFileType = sourcecode.c.h; path = "UIImage+Util.h"; sourceTree = "<group>"; };
		137700E01B95335E008C83FD /* UIImage+Util.m */ = {isa = PBXFileReference; fileEncoding = 4; lastKnownFileType = sourcecode.c.objc; path = "UIImage+Util.m"; sourceTree = "<group>"; };
		137700E31B9534A4008C83FD /* SettingsViewController.h */ = {isa = PBXFileReference; fileEncoding = 4; lastKnownFileType = sourcecode.c.h; path = SettingsViewController.h; sourceTree = "<group>"; };
		137700E41B9534A4008C83FD /* SettingsViewController.m */ = {isa = PBXFileReference; fileEncoding = 4; lastKnownFileType = sourcecode.c.objc; path = SettingsViewController.m; sourceTree = "<group>"; };
		137700E71B953521008C83FD /* AboutViewController.h */ = {isa = PBXFileReference; fileEncoding = 4; lastKnownFileType = sourcecode.c.h; path = AboutViewController.h; sourceTree = "<group>"; };
		137700E81B953521008C83FD /* AboutViewController.m */ = {isa = PBXFileReference; fileEncoding = 4; lastKnownFileType = sourcecode.c.objc; path = AboutViewController.m; sourceTree = "<group>"; };
		137700EA1B953915008C83FD /* Icon_Logo_512@2x.png */ = {isa = PBXFileReference; lastKnownFileType = image.png; path = "Icon_Logo_512@2x.png"; sourceTree = "<group>"; };
		137701021B95DF67008C83FD /* Icon_Gender_F_Normal@2x.png */ = {isa = PBXFileReference; lastKnownFileType = image.png; path = "Icon_Gender_F_Normal@2x.png"; sourceTree = "<group>"; };
		137701031B95DF67008C83FD /* Icon_Gender_F_Selected@2x.png */ = {isa = PBXFileReference; lastKnownFileType = image.png; path = "Icon_Gender_F_Selected@2x.png"; sourceTree = "<group>"; };
		137701041B95DF67008C83FD /* Icon_Gender_M_Normal@2x.png */ = {isa = PBXFileReference; lastKnownFileType = image.png; path = "Icon_Gender_M_Normal@2x.png"; sourceTree = "<group>"; };
		137701051B95DF67008C83FD /* Icon_Gender_M_Selected@2x.png */ = {isa = PBXFileReference; lastKnownFileType = image.png; path = "Icon_Gender_M_Selected@2x.png"; sourceTree = "<group>"; };
		1377010A1B967F31008C83FD /* SettingsSetTextViewController.h */ = {isa = PBXFileReference; fileEncoding = 4; lastKnownFileType = sourcecode.c.h; path = SettingsSetTextViewController.h; sourceTree = "<group>"; };
		1377010B1B967F31008C83FD /* SettingsSetTextViewController.m */ = {isa = PBXFileReference; fileEncoding = 4; lastKnownFileType = sourcecode.c.objc; path = SettingsSetTextViewController.m; sourceTree = "<group>"; };
		1377010D1B9680AC008C83FD /* Bg_Input_Blue@2x.png */ = {isa = PBXFileReference; lastKnownFileType = image.png; path = "Bg_Input_Blue@2x.png"; sourceTree = "<group>"; };
		1377010E1B9680AC008C83FD /* Bg_Input_Gray@2x.png */ = {isa = PBXFileReference; lastKnownFileType = image.png; path = "Bg_Input_Gray@2x.png"; sourceTree = "<group>"; };
		137701111B9683E3008C83FD /* CommonFunction.h */ = {isa = PBXFileReference; fileEncoding = 4; lastKnownFileType = sourcecode.c.h; path = CommonFunction.h; sourceTree = "<group>"; };
		137701121B9683E3008C83FD /* CommonFunction.m */ = {isa = PBXFileReference; fileEncoding = 4; lastKnownFileType = sourcecode.c.objc; path = CommonFunction.m; sourceTree = "<group>"; };
		137701141B96E1D6008C83FD /* NotificationMacro.h */ = {isa = PBXFileReference; fileEncoding = 4; lastKnownFileType = sourcecode.c.h; path = NotificationMacro.h; sourceTree = "<group>"; };
		D20618BBE36BB6EEAA8583DB /* Pods.debug.xcconfig */ = {isa = PBXFileReference; includeInIndex = 1; lastKnownFileType = text.xcconfig; name = Pods.debug.xcconfig; path = "Pods/Target Support Files/Pods/Pods.debug.xcconfig"; sourceTree = "<group>"; };
		E63B58B1DFA51CA8858183E3 /* Pods.release.xcconfig */ = {isa = PBXFileReference; includeInIndex = 1; lastKnownFileType = text.xcconfig; name = Pods.release.xcconfig; path = "Pods/Target Support Files/Pods/Pods.release.xcconfig"; sourceTree = "<group>"; };
		E7C51BA1CAD16DA7E729CF56 /* libPods.a */ = {isa = PBXFileReference; explicitFileType = archive.ar; includeInIndex = 0; path = libPods.a; sourceTree = BUILT_PRODUCTS_DIR; };
/* End PBXFileReference section */

/* Begin PBXFrameworksBuildPhase section */
		135B21801B900394005CE84A /* Frameworks */ = {
			isa = PBXFrameworksBuildPhase;
			buildActionMask = 2147483647;
			files = (
				C8A17A0270E972C390BD1398 /* libPods.a in Frameworks */,
			);
			runOnlyForDeploymentPostprocessing = 0;
		};
		135B219C1B900394005CE84A /* Frameworks */ = {
			isa = PBXFrameworksBuildPhase;
			buildActionMask = 2147483647;
			files = (
			);
			runOnlyForDeploymentPostprocessing = 0;
		};
/* End PBXFrameworksBuildPhase section */

/* Begin PBXGroup section */
		1322639E1B9C7C7C00D21637 /* NotifyCenter */ = {
			isa = PBXGroup;
			children = (
				1322639F1B9C7C7C00D21637 /* LocalNotify */,
			);
			path = NotifyCenter;
			sourceTree = "<group>";
		};
		1322639F1B9C7C7C00D21637 /* LocalNotify */ = {
			isa = PBXGroup;
			children = (
				132263A01B9C7DC200D21637 /* LocalNotificationManager.h */,
				132263A11B9C7DC200D21637 /* LocalNotificationManager.m */,
			);
			path = LocalNotify;
			sourceTree = "<group>";
		};
		132263A31B9C805700D21637 /* MainView */ = {
			isa = PBXGroup;
			children = (
				132263A41B9C809400D21637 /* FirstViewController.h */,
				132263A51B9C809400D21637 /* FirstViewController.m */,
				132263A61B9C809400D21637 /* SecondViewController.h */,
				132263A71B9C809400D21637 /* SecondViewController.m */,
			);
			path = MainView;
			sourceTree = "<group>";
		};
		133B079B1B9FBC620015E752 /* Help */ = {
			isa = PBXGroup;
			children = (
				133B07AC1B9FC46A0015E752 /* Questions */,
				133B07A01B9FBCA30015E752 /* HelpViewController.h */,
				133B07A11B9FBCA30015E752 /* HelpViewController.m */,
			);
			path = Help;
			sourceTree = "<group>";
		};
		133B079C1B9FBC620015E752 /* Like */ = {
			isa = PBXGroup;
			children = (
			);
			path = Like;
			sourceTree = "<group>";
		};
		133B079D1B9FBC620015E752 /* Share */ = {
			isa = PBXGroup;
			children = (
			);
			path = Share;
			sourceTree = "<group>";
		};
		135B217A1B900394005CE84A = {
			isa = PBXGroup;
			children = (
				135B21851B900394005CE84A /* plan */,
				135B21A21B900394005CE84A /* planTests */,
				135B21841B900394005CE84A /* Products */,
				B06619FC1D8FB83A8529883E /* Pods */,
				1A2B3F1372598EA1C2E0A8DB /* Frameworks */,
			);
			sourceTree = "<group>";
		};
		135B21841B900394005CE84A /* Products */ = {
			isa = PBXGroup;
			children = (
				135B21831B900394005CE84A /* plan.app */,
				135B219F1B900394005CE84A /* planTests.xctest */,
			);
			name = Products;
			sourceTree = "<group>";
		};
		135B21851B900394005CE84A /* plan */ = {
			isa = PBXGroup;
			children = (
				135B22111B92C070005CE84A /* UIViewControllers */,
				135B21E11B913E1F005CE84A /* Models */,
				135B21C91B90952A005CE84A /* Resource */,
				135B21AF1B900F86005CE84A /* Utils */,
				135B218A1B900394005CE84A /* AppDelegate.h */,
				135B218B1B900394005CE84A /* AppDelegate.m */,
				135B21931B900394005CE84A /* Main.storyboard */,
				135B21961B900394005CE84A /* Images.xcassets */,
				135B21981B900394005CE84A /* LaunchScreen.xib */,
				135B21861B900394005CE84A /* Supporting Files */,
			);
			path = plan;
			sourceTree = "<group>";
		};
		135B21861B900394005CE84A /* Supporting Files */ = {
			isa = PBXGroup;
			children = (
				135B21871B900394005CE84A /* Info.plist */,
				135B21881B900394005CE84A /* main.m */,
				135B21B81B9012BD005CE84A /* PrefixHeader.pch */,
			);
			name = "Supporting Files";
			sourceTree = "<group>";
		};
		135B21A21B900394005CE84A /* planTests */ = {
			isa = PBXGroup;
			children = (
				135B21A51B900394005CE84A /* planTests.m */,
				135B21A31B900394005CE84A /* Supporting Files */,
			);
			path = planTests;
			sourceTree = "<group>";
		};
		135B21A31B900394005CE84A /* Supporting Files */ = {
			isa = PBXGroup;
			children = (
				135B21A41B900394005CE84A /* Info.plist */,
			);
			name = "Supporting Files";
			sourceTree = "<group>";
		};
		135B21AF1B900F86005CE84A /* Utils */ = {
			isa = PBXGroup;
			children = (
				1322639E1B9C7C7C00D21637 /* NotifyCenter */,
				135B22191B92E72A005CE84A /* AlertCenter */,
				135B21DD1B91368B005CE84A /* Cache */,
				135B21D91B90A111005CE84A /* Catagory */,
				135B21CF1B90991E005CE84A /* Function */,
				135B21B41B90111A005CE84A /* Macros */,
				135B21B01B900FD9005CE84A /* Component */,
			);
			path = Utils;
			sourceTree = "<group>";
		};
		135B21B01B900FD9005CE84A /* Component */ = {
			isa = PBXGroup;
			children = (
				135B21B11B900FFE005CE84A /* ThreeSubView.h */,
				135B21B21B900FFE005CE84A /* ThreeSubView.m */,
			);
			path = Component;
			sourceTree = "<group>";
		};
		135B21B41B90111A005CE84A /* Macros */ = {
			isa = PBXGroup;
			children = (
				135B21B51B90117C005CE84A /* CommonMacro.h */,
				135B21B61B9011FF005CE84A /* Macro.h */,
				135B21D31B909A8F005CE84A /* StringMacro.h */,
				135B21D41B909B14005CE84A /* ImageMacro.h */,
				135B21D71B909EAB005CE84A /* FontMacro.h */,
				135B21D81B90A024005CE84A /* ColorMacro.h */,
				137701141B96E1D6008C83FD /* NotificationMacro.h */,
			);
			path = Macros;
			sourceTree = "<group>";
		};
		135B21C91B90952A005CE84A /* Resource */ = {
			isa = PBXGroup;
			children = (
				135B21CA1B909644005CE84A /* Images */,
			);
			path = Resource;
			sourceTree = "<group>";
		};
		135B21CA1B909644005CE84A /* Images */ = {
			isa = PBXGroup;
			children = (
				137700DC1B953226008C83FD /* Icon */,
				137700C21B9429FD008C83FD /* LaunchImage@2x.png */,
				135B220E1B92B417005CE84A /* Background */,
				135B220B1B92B2B5005CE84A /* Button */,
				135B21CB1B909644005CE84A /* avatarBg@2x.png */,
				135B21CC1B909644005CE84A /* avatarDefault@2x.png */,
			);
			path = Images;
			sourceTree = "<group>";
		};
		135B21CF1B90991E005CE84A /* Function */ = {
			isa = PBXGroup;
			children = (
				135B21D01B909955005CE84A /* Config.h */,
				135B21D11B909955005CE84A /* Config.m */,
				135B22061B92ADBA005CE84A /* Function.h */,
				137701111B9683E3008C83FD /* CommonFunction.h */,
				137701121B9683E3008C83FD /* CommonFunction.m */,
			);
			path = Function;
			sourceTree = "<group>";
		};
		135B21D91B90A111005CE84A /* Catagory */ = {
			isa = PBXGroup;
			children = (
				135B220A1B92B1EB005CE84A /* Catagory.h */,
				135B21E81B913F77005CE84A /* NSString+Util.h */,
				135B21E91B913F77005CE84A /* NSString+Util.m */,
				135B21DA1B90A145005CE84A /* UIButton+Util.h */,
				135B21DB1B90A145005CE84A /* UIButton+Util.m */,
				135B22071B92B126005CE84A /* UIViewController+Util.h */,
				135B22081B92B126005CE84A /* UIViewController+Util.m */,
				135B22201B92E837005CE84A /* UILabel+Util.h */,
				135B22211B92E837005CE84A /* UILabel+Util.m */,
				137700DF1B95335E008C83FD /* UIImage+Util.h */,
				137700E01B95335E008C83FD /* UIImage+Util.m */,
				132263761B9825D400D21637 /* UIDevice+Util.h */,
				132263771B9825D400D21637 /* UIDevice+Util.m */,
			);
			path = Catagory;
			sourceTree = "<group>";
		};
		135B21DD1B91368B005CE84A /* Cache */ = {
			isa = PBXGroup;
			children = (
				135B21DE1B9136A4005CE84A /* PlanCache.h */,
				135B21DF1B9136A4005CE84A /* PlanCache.m */,
			);
			path = Cache;
			sourceTree = "<group>";
		};
		135B21E11B913E1F005CE84A /* Models */ = {
			isa = PBXGroup;
			children = (
				135B21E51B913EAF005CE84A /* ModelBase.h */,
				135B21E61B913EAF005CE84A /* ModelBase.m */,
				135B21E21B913E46005CE84A /* Settings.h */,
				135B21E31B913E46005CE84A /* Settings.m */,
				135B21EB1B9142BE005CE84A /* Plan.h */,
				135B21EC1B9142BE005CE84A /* Plan.m */,
			);
			path = Models;
			sourceTree = "<group>";
		};
		135B220B1B92B2B5005CE84A /* Button */ = {
			isa = PBXGroup;
			children = (
				135B22351B932C45005CE84A /* Btn_Save@2x.png */,
				135B222C1B9301C9005CE84A /* Btn_Plan_Completed@2x.png */,
				135B222D1B9301C9005CE84A /* Btn_Plan_Delete@2x.png */,
				135B222E1B9301C9005CE84A /* Btn_Plan_Doing@2x.png */,
				135B22271B92F4C1005CE84A /* Btn_SectionUp@2x.png */,
				135B220C1B92B2B5005CE84A /* Btn_Add@2x.png */,
			);
			path = Button;
			sourceTree = "<group>";
		};
		135B220E1B92B417005CE84A /* Background */ = {
			isa = PBXGroup;
			children = (
				1377010D1B9680AC008C83FD /* Bg_Input_Blue@2x.png */,
				1377010E1B9680AC008C83FD /* Bg_Input_Gray@2x.png */,
				137700C01B9428B1008C83FD /* Bg_NavigationBar@2x.png */,
				135B220F1B92B417005CE84A /* Bg_Cell_White@2x.png */,
			);
			path = Background;
			sourceTree = "<group>";
		};
		135B22111B92C070005CE84A /* UIViewControllers */ = {
			isa = PBXGroup;
			children = (
				132263A31B9C805700D21637 /* MainView */,
				137700D81B952DA1008C83FD /* More */,
				135B22121B92C0AC005CE84A /* FatherController */,
				135B22231B92EC69005CE84A /* Plan */,
			);
			path = UIViewControllers;
			sourceTree = "<group>";
		};
		135B22121B92C0AC005CE84A /* FatherController */ = {
			isa = PBXGroup;
			children = (
				135B22131B92C0D4005CE84A /* FatherViewController.h */,
				135B22141B92C0D4005CE84A /* FatherViewController.m */,
			);
			path = FatherController;
			sourceTree = "<group>";
		};
		135B22191B92E72A005CE84A /* AlertCenter */ = {
			isa = PBXGroup;
			children = (
				135B221A1B92E72A005CE84A /* AlertCenter.h */,
				135B221B1B92E72A005CE84A /* AlertCenter.m */,
				135B221D1B92E74C005CE84A /* PromptMessage.h */,
				135B221E1B92E74C005CE84A /* PromptMessage.m */,
			);
			path = AlertCenter;
			sourceTree = "<group>";
		};
		135B22231B92EC69005CE84A /* Plan */ = {
			isa = PBXGroup;
			children = (
				135B22241B92EE1A005CE84A /* PlanSectionView.h */,
				135B22251B92EE1A005CE84A /* PlanSectionView.m */,
				135B22291B92FDEB005CE84A /* PlanCell.h */,
				135B222A1B92FDEB005CE84A /* PlanCell.m */,
				135B22321B932A4F005CE84A /* AddPlanViewController.h */,
				135B22331B932A4F005CE84A /* AddPlanViewController.m */,
			);
			path = Plan;
			sourceTree = "<group>";
		};
		137700D81B952DA1008C83FD /* More */ = {
			isa = PBXGroup;
			children = (
				137700E61B953501008C83FD /* About */,
				133B079B1B9FBC620015E752 /* Help */,
				133B079C1B9FBC620015E752 /* Like */,
				137700D91B952EE5008C83FD /* MoreViewController.h */,
				137700DA1B952EE5008C83FD /* MoreViewController.m */,
				137700E21B953490008C83FD /* Settings */,
				133B079D1B9FBC620015E752 /* Share */,
			);
			path = More;
			sourceTree = "<group>";
		};
		137700DC1B953226008C83FD /* Icon */ = {
			isa = PBXGroup;
			children = (
				137701021B95DF67008C83FD /* Icon_Gender_F_Normal@2x.png */,
				137701031B95DF67008C83FD /* Icon_Gender_F_Selected@2x.png */,
				137701041B95DF67008C83FD /* Icon_Gender_M_Normal@2x.png */,
				137701051B95DF67008C83FD /* Icon_Gender_M_Selected@2x.png */,
				137700EA1B953915008C83FD /* Icon_Logo_512@2x.png */,
				137700DD1B953226008C83FD /* Icon_Arrow_Right@2x.png */,
			);
			path = Icon;
			sourceTree = "<group>";
		};
		137700E21B953490008C83FD /* Settings */ = {
			isa = PBXGroup;
			children = (
				137700E31B9534A4008C83FD /* SettingsViewController.h */,
				137700E41B9534A4008C83FD /* SettingsViewController.m */,
				1377010A1B967F31008C83FD /* SettingsSetTextViewController.h */,
				1377010B1B967F31008C83FD /* SettingsSetTextViewController.m */,
			);
			path = Settings;
			sourceTree = "<group>";
		};
		137700E61B953501008C83FD /* About */ = {
			isa = PBXGroup;
			children = (
				137700E71B953521008C83FD /* AboutViewController.h */,
				137700E81B953521008C83FD /* AboutViewController.m */,
			);
			path = About;
			sourceTree = "<group>";
		};
		1A2B3F1372598EA1C2E0A8DB /* Frameworks */ = {
			isa = PBXGroup;
			children = (
				E7C51BA1CAD16DA7E729CF56 /* libPods.a */,
			);
			name = Frameworks;
			sourceTree = "<group>";
		};
		B06619FC1D8FB83A8529883E /* Pods */ = {
			isa = PBXGroup;
			children = (
				D20618BBE36BB6EEAA8583DB /* Pods.debug.xcconfig */,
				E63B58B1DFA51CA8858183E3 /* Pods.release.xcconfig */,
			);
			name = Pods;
			sourceTree = "<group>";
		};
/* End PBXGroup section */

/* Begin PBXNativeTarget section */
		135B21821B900394005CE84A /* plan */ = {
			isa = PBXNativeTarget;
			buildConfigurationList = 135B21A91B900394005CE84A /* Build configuration list for PBXNativeTarget "plan" */;
			buildPhases = (
				C7D021B2B7205E5746836827 /* Check Pods Manifest.lock */,
				135B217F1B900394005CE84A /* Sources */,
				135B21801B900394005CE84A /* Frameworks */,
				135B21811B900394005CE84A /* Resources */,
				A633B2A2FBB832D8F597A98E /* Copy Pods Resources */,
			);
			buildRules = (
			);
			dependencies = (
			);
			name = plan;
			productName = plan;
			productReference = 135B21831B900394005CE84A /* plan.app */;
			productType = "com.apple.product-type.application";
		};
		135B219E1B900394005CE84A /* planTests */ = {
			isa = PBXNativeTarget;
			buildConfigurationList = 135B21AC1B900394005CE84A /* Build configuration list for PBXNativeTarget "planTests" */;
			buildPhases = (
				135B219B1B900394005CE84A /* Sources */,
				135B219C1B900394005CE84A /* Frameworks */,
				135B219D1B900394005CE84A /* Resources */,
			);
			buildRules = (
			);
			dependencies = (
				135B21A11B900394005CE84A /* PBXTargetDependency */,
			);
			name = planTests;
			productName = planTests;
			productReference = 135B219F1B900394005CE84A /* planTests.xctest */;
			productType = "com.apple.product-type.bundle.unit-test";
		};
/* End PBXNativeTarget section */

/* Begin PBXProject section */
		135B217B1B900394005CE84A /* Project object */ = {
			isa = PBXProject;
			attributes = {
				LastUpgradeCheck = 0640;
				ORGANIZATIONNAME = Fengzy;
				TargetAttributes = {
					135B21821B900394005CE84A = {
						CreatedOnToolsVersion = 6.4;
					};
					135B219E1B900394005CE84A = {
						CreatedOnToolsVersion = 6.4;
						TestTargetID = 135B21821B900394005CE84A;
					};
				};
			};
			buildConfigurationList = 135B217E1B900394005CE84A /* Build configuration list for PBXProject "plan" */;
			compatibilityVersion = "Xcode 3.2";
			developmentRegion = English;
			hasScannedForEncodings = 0;
			knownRegions = (
				en,
				Base,
			);
			mainGroup = 135B217A1B900394005CE84A;
			productRefGroup = 135B21841B900394005CE84A /* Products */;
			projectDirPath = "";
			projectRoot = "";
			targets = (
				135B21821B900394005CE84A /* plan */,
				135B219E1B900394005CE84A /* planTests */,
			);
		};
/* End PBXProject section */

/* Begin PBXResourcesBuildPhase section */
		135B21811B900394005CE84A /* Resources */ = {
			isa = PBXResourcesBuildPhase;
			buildActionMask = 2147483647;
			files = (
				137700BB1B93E56A008C83FD /* Main.storyboard in Resources */,
				137700EB1B953915008C83FD /* Icon_Logo_512@2x.png in Resources */,
				137701061B95DF67008C83FD /* Icon_Gender_F_Normal@2x.png in Resources */,
				137700BC1B93E56A008C83FD /* LaunchScreen.xib in Resources */,
				135B21CD1B909644005CE84A /* avatarBg@2x.png in Resources */,
				135B22301B9301C9005CE84A /* Btn_Plan_Delete@2x.png in Resources */,
				135B22361B932C45005CE84A /* Btn_Save@2x.png in Resources */,
				137701091B95DF67008C83FD /* Icon_Gender_M_Selected@2x.png in Resources */,
				135B222F1B9301C9005CE84A /* Btn_Plan_Completed@2x.png in Resources */,
				137700DE1B953226008C83FD /* Icon_Arrow_Right@2x.png in Resources */,
				135B220D1B92B2B5005CE84A /* Btn_Add@2x.png in Resources */,
				137701101B9680AC008C83FD /* Bg_Input_Gray@2x.png in Resources */,
				137700C31B9429FD008C83FD /* LaunchImage@2x.png in Resources */,
				135B21971B900394005CE84A /* Images.xcassets in Resources */,
				135B21CE1B909644005CE84A /* avatarDefault@2x.png in Resources */,
				1377010F1B9680AC008C83FD /* Bg_Input_Blue@2x.png in Resources */,
				135B22281B92F4C1005CE84A /* Btn_SectionUp@2x.png in Resources */,
				137700C11B9428B1008C83FD /* Bg_NavigationBar@2x.png in Resources */,
				135B22101B92B417005CE84A /* Bg_Cell_White@2x.png in Resources */,
				137701081B95DF67008C83FD /* Icon_Gender_M_Normal@2x.png in Resources */,
				137701071B95DF67008C83FD /* Icon_Gender_F_Selected@2x.png in Resources */,
				135B22311B9301C9005CE84A /* Btn_Plan_Doing@2x.png in Resources */,
				133B07AD1B9FC46A0015E752 /* Questions in Resources */,
			);
			runOnlyForDeploymentPostprocessing = 0;
		};
		135B219D1B900394005CE84A /* Resources */ = {
			isa = PBXResourcesBuildPhase;
			buildActionMask = 2147483647;
			files = (
			);
			runOnlyForDeploymentPostprocessing = 0;
		};
/* End PBXResourcesBuildPhase section */

/* Begin PBXShellScriptBuildPhase section */
		A633B2A2FBB832D8F597A98E /* Copy Pods Resources */ = {
			isa = PBXShellScriptBuildPhase;
			buildActionMask = 2147483647;
			files = (
			);
			inputPaths = (
			);
			name = "Copy Pods Resources";
			outputPaths = (
			);
			runOnlyForDeploymentPostprocessing = 0;
			shellPath = /bin/sh;
			shellScript = "\"${SRCROOT}/Pods/Target Support Files/Pods/Pods-resources.sh\"\n";
			showEnvVarsInLog = 0;
		};
		C7D021B2B7205E5746836827 /* Check Pods Manifest.lock */ = {
			isa = PBXShellScriptBuildPhase;
			buildActionMask = 2147483647;
			files = (
			);
			inputPaths = (
			);
			name = "Check Pods Manifest.lock";
			outputPaths = (
			);
			runOnlyForDeploymentPostprocessing = 0;
			shellPath = /bin/sh;
			shellScript = "diff \"${PODS_ROOT}/../Podfile.lock\" \"${PODS_ROOT}/Manifest.lock\" > /dev/null\nif [[ $? != 0 ]] ; then\n    cat << EOM\nerror: The sandbox is not in sync with the Podfile.lock. Run 'pod install' or update your CocoaPods installation.\nEOM\n    exit 1\nfi\n";
			showEnvVarsInLog = 0;
		};
/* End PBXShellScriptBuildPhase section */

/* Begin PBXSourcesBuildPhase section */
		135B217F1B900394005CE84A /* Sources */ = {
			isa = PBXSourcesBuildPhase;
			buildActionMask = 2147483647;
			files = (
				132263A91B9C809400D21637 /* SecondViewController.m in Sources */,
				137700BA1B93E290008C83FD /* PlanSectionView.m in Sources */,
				137700E11B95335E008C83FD /* UIImage+Util.m in Sources */,
				135B21E71B913EAF005CE84A /* ModelBase.m in Sources */,
				135B221F1B92E74C005CE84A /* PromptMessage.m in Sources */,
				132263781B9825D400D21637 /* UIDevice+Util.m in Sources */,
				135B21D21B909955005CE84A /* Config.m in Sources */,
				133B07A21B9FBCA30015E752 /* HelpViewController.m in Sources */,
				135B22091B92B126005CE84A /* UIViewController+Util.m in Sources */,
				135B21EA1B913F77005CE84A /* NSString+Util.m in Sources */,
				135B21ED1B9142BE005CE84A /* Plan.m in Sources */,
				135B21E41B913E46005CE84A /* Settings.m in Sources */,
				135B218C1B900394005CE84A /* AppDelegate.m in Sources */,
				137700E51B9534A4008C83FD /* SettingsViewController.m in Sources */,
				1377010C1B967F31008C83FD /* SettingsSetTextViewController.m in Sources */,
				135B21B31B900FFE005CE84A /* ThreeSubView.m in Sources */,
				137701131B9683E3008C83FD /* CommonFunction.m in Sources */,
				135B21DC1B90A145005CE84A /* UIButton+Util.m in Sources */,
				135B221C1B92E72A005CE84A /* AlertCenter.m in Sources */,
				135B22151B92C0D4005CE84A /* FatherViewController.m in Sources */,
				135B222B1B92FDEB005CE84A /* PlanCell.m in Sources */,
				135B21E01B9136A4005CE84A /* PlanCache.m in Sources */,
				137700E91B953521008C83FD /* AboutViewController.m in Sources */,
				132263A21B9C7DC200D21637 /* LocalNotificationManager.m in Sources */,
				135B21891B900394005CE84A /* main.m in Sources */,
				135B22341B932A4F005CE84A /* AddPlanViewController.m in Sources */,
				137700DB1B952EE5008C83FD /* MoreViewController.m in Sources */,
				132263A81B9C809400D21637 /* FirstViewController.m in Sources */,
				135B22221B92E837005CE84A /* UILabel+Util.m in Sources */,
			);
			runOnlyForDeploymentPostprocessing = 0;
		};
		135B219B1B900394005CE84A /* Sources */ = {
			isa = PBXSourcesBuildPhase;
			buildActionMask = 2147483647;
			files = (
				135B21A61B900394005CE84A /* planTests.m in Sources */,
			);
			runOnlyForDeploymentPostprocessing = 0;
		};
/* End PBXSourcesBuildPhase section */

/* Begin PBXTargetDependency section */
		135B21A11B900394005CE84A /* PBXTargetDependency */ = {
			isa = PBXTargetDependency;
			target = 135B21821B900394005CE84A /* plan */;
			targetProxy = 135B21A01B900394005CE84A /* PBXContainerItemProxy */;
		};
/* End PBXTargetDependency section */

/* Begin PBXVariantGroup section */
		135B21931B900394005CE84A /* Main.storyboard */ = {
			isa = PBXVariantGroup;
			children = (
				135B21941B900394005CE84A /* Base */,
			);
			name = Main.storyboard;
			sourceTree = "<group>";
		};
		135B21981B900394005CE84A /* LaunchScreen.xib */ = {
			isa = PBXVariantGroup;
			children = (
				135B21991B900394005CE84A /* Base */,
			);
			name = LaunchScreen.xib;
			sourceTree = "<group>";
		};
/* End PBXVariantGroup section */

/* Begin XCBuildConfiguration section */
		135B21A71B900394005CE84A /* Debug */ = {
			isa = XCBuildConfiguration;
			buildSettings = {
				ALWAYS_SEARCH_USER_PATHS = NO;
				CLANG_CXX_LANGUAGE_STANDARD = "gnu++0x";
				CLANG_CXX_LIBRARY = "libc++";
				CLANG_ENABLE_MODULES = YES;
				CLANG_ENABLE_OBJC_ARC = YES;
				CLANG_WARN_BOOL_CONVERSION = YES;
				CLANG_WARN_CONSTANT_CONVERSION = YES;
				CLANG_WARN_DIRECT_OBJC_ISA_USAGE = YES_ERROR;
				CLANG_WARN_EMPTY_BODY = YES;
				CLANG_WARN_ENUM_CONVERSION = YES;
				CLANG_WARN_INT_CONVERSION = YES;
				CLANG_WARN_OBJC_ROOT_CLASS = YES_ERROR;
				CLANG_WARN_UNREACHABLE_CODE = YES;
				CLANG_WARN__DUPLICATE_METHOD_MATCH = YES;
				"CODE_SIGN_IDENTITY[sdk=iphoneos*]" = "";
				COPY_PHASE_STRIP = NO;
				DEBUG_INFORMATION_FORMAT = "dwarf-with-dsym";
				ENABLE_STRICT_OBJC_MSGSEND = YES;
				GCC_C_LANGUAGE_STANDARD = gnu99;
				GCC_DYNAMIC_NO_PIC = NO;
				GCC_NO_COMMON_BLOCKS = YES;
				GCC_OPTIMIZATION_LEVEL = 0;
				GCC_PREPROCESSOR_DEFINITIONS = (
					"DEBUG=1",
					"$(inherited)",
				);
				GCC_SYMBOLS_PRIVATE_EXTERN = NO;
				GCC_WARN_64_TO_32_BIT_CONVERSION = YES;
				GCC_WARN_ABOUT_RETURN_TYPE = YES_ERROR;
				GCC_WARN_UNDECLARED_SELECTOR = YES;
				GCC_WARN_UNINITIALIZED_AUTOS = YES_AGGRESSIVE;
				GCC_WARN_UNUSED_FUNCTION = YES;
				GCC_WARN_UNUSED_VARIABLE = YES;
				IPHONEOS_DEPLOYMENT_TARGET = 6.0;
				MTL_ENABLE_DEBUG_INFO = YES;
				ONLY_ACTIVE_ARCH = NO;
				PROVISIONING_PROFILE = "d5d69062-d0a2-4232-8fc5-b6ab5b1f10a4";
				SDKROOT = iphoneos;
			};
			name = Debug;
		};
		135B21A81B900394005CE84A /* Release */ = {
			isa = XCBuildConfiguration;
			buildSettings = {
				ALWAYS_SEARCH_USER_PATHS = NO;
				CLANG_CXX_LANGUAGE_STANDARD = "gnu++0x";
				CLANG_CXX_LIBRARY = "libc++";
				CLANG_ENABLE_MODULES = YES;
				CLANG_ENABLE_OBJC_ARC = YES;
				CLANG_WARN_BOOL_CONVERSION = YES;
				CLANG_WARN_CONSTANT_CONVERSION = YES;
				CLANG_WARN_DIRECT_OBJC_ISA_USAGE = YES_ERROR;
				CLANG_WARN_EMPTY_BODY = YES;
				CLANG_WARN_ENUM_CONVERSION = YES;
				CLANG_WARN_INT_CONVERSION = YES;
				CLANG_WARN_OBJC_ROOT_CLASS = YES_ERROR;
				CLANG_WARN_UNREACHABLE_CODE = YES;
				CLANG_WARN__DUPLICATE_METHOD_MATCH = YES;
				"CODE_SIGN_IDENTITY[sdk=iphoneos*]" = "";
				COPY_PHASE_STRIP = NO;
				DEBUG_INFORMATION_FORMAT = "dwarf-with-dsym";
				ENABLE_NS_ASSERTIONS = NO;
				ENABLE_STRICT_OBJC_MSGSEND = YES;
				GCC_C_LANGUAGE_STANDARD = gnu99;
				GCC_NO_COMMON_BLOCKS = YES;
				GCC_WARN_64_TO_32_BIT_CONVERSION = YES;
				GCC_WARN_ABOUT_RETURN_TYPE = YES_ERROR;
				GCC_WARN_UNDECLARED_SELECTOR = YES;
				GCC_WARN_UNINITIALIZED_AUTOS = YES_AGGRESSIVE;
				GCC_WARN_UNUSED_FUNCTION = YES;
				GCC_WARN_UNUSED_VARIABLE = YES;
				IPHONEOS_DEPLOYMENT_TARGET = 6.0;
				MTL_ENABLE_DEBUG_INFO = NO;
				ONLY_ACTIVE_ARCH = NO;
				PROVISIONING_PROFILE = "d5d69062-d0a2-4232-8fc5-b6ab5b1f10a4";
				SDKROOT = iphoneos;
				VALIDATE_PRODUCT = YES;
			};
			name = Release;
		};
		135B21AA1B900394005CE84A /* Debug */ = {
			isa = XCBuildConfiguration;
			baseConfigurationReference = D20618BBE36BB6EEAA8583DB /* Pods.debug.xcconfig */;
			buildSettings = {
				ARCHS = "$(ARCHS_STANDARD)";
				ASSETCATALOG_COMPILER_APPICON_NAME = AppIcon;
				ASSETCATALOG_COMPILER_LAUNCHIMAGE_NAME = LaunchImage;
				CODE_SIGN_IDENTITY = "";
				"CODE_SIGN_IDENTITY[sdk=iphoneos*]" = "";
				GCC_PREFIX_HEADER = "$(SRCROOT)/plan/PrefixHeader.pch";
				INFOPLIST_FILE = plan/Info.plist;
				LD_RUNPATH_SEARCH_PATHS = "$(inherited) @executable_path/Frameworks";
				ONLY_ACTIVE_ARCH = NO;
				PRODUCT_NAME = "$(TARGET_NAME)";
				PROVISIONING_PROFILE = "d5d69062-d0a2-4232-8fc5-b6ab5b1f10a4";
			};
			name = Debug;
		};
		135B21AB1B900394005CE84A /* Release */ = {
			isa = XCBuildConfiguration;
			baseConfigurationReference = E63B58B1DFA51CA8858183E3 /* Pods.release.xcconfig */;
			buildSettings = {
				ARCHS = "$(ARCHS_STANDARD)";
				ASSETCATALOG_COMPILER_APPICON_NAME = AppIcon;
				ASSETCATALOG_COMPILER_LAUNCHIMAGE_NAME = LaunchImage;
				CODE_SIGN_IDENTITY = "";
				"CODE_SIGN_IDENTITY[sdk=iphoneos*]" = "";
				GCC_PREFIX_HEADER = "$(SRCROOT)/plan/PrefixHeader.pch";
				INFOPLIST_FILE = plan/Info.plist;
				LD_RUNPATH_SEARCH_PATHS = "$(inherited) @executable_path/Frameworks";
				ONLY_ACTIVE_ARCH = NO;
				PRODUCT_NAME = "$(TARGET_NAME)";
				PROVISIONING_PROFILE = "d5d69062-d0a2-4232-8fc5-b6ab5b1f10a4";
			};
			name = Release;
		};
		135B21AD1B900394005CE84A /* Debug */ = {
			isa = XCBuildConfiguration;
			buildSettings = {
				BUNDLE_LOADER = "$(TEST_HOST)";
				CODE_SIGN_IDENTITY = "iPhone Distribution: Guangzhou Andwho Network Technology Co., Ltd. (V6JNUEC652)";
				"CODE_SIGN_IDENTITY[sdk=iphoneos*]" = "iPhone Distribution: Guangzhou Andwho Network Technology Co., Ltd. (V6JNUEC652)";
				FRAMEWORK_SEARCH_PATHS = (
					"$(SDKROOT)/Developer/Library/Frameworks",
					"$(inherited)",
				);
				GCC_PREPROCESSOR_DEFINITIONS = (
					"DEBUG=1",
					"$(inherited)",
				);
				INFOPLIST_FILE = planTests/Info.plist;
				LD_RUNPATH_SEARCH_PATHS = "$(inherited) @executable_path/Frameworks @loader_path/Frameworks";
				PRODUCT_NAME = "$(TARGET_NAME)";
				PROVISIONING_PROFILE = "94255e3c-aac2-4e0a-b2c7-4b093e1691e6";
				TEST_HOST = "$(BUILT_PRODUCTS_DIR)/plan.app/plan";
			};
			name = Debug;
		};
		135B21AE1B900394005CE84A /* Release */ = {
			isa = XCBuildConfiguration;
			buildSettings = {
				BUNDLE_LOADER = "$(TEST_HOST)";
				CODE_SIGN_IDENTITY = "iPhone Distribution: Guangzhou Andwho Network Technology Co., Ltd. (V6JNUEC652)";
				"CODE_SIGN_IDENTITY[sdk=iphoneos*]" = "iPhone Distribution: Guangzhou Andwho Network Technology Co., Ltd. (V6JNUEC652)";
				FRAMEWORK_SEARCH_PATHS = (
					"$(SDKROOT)/Developer/Library/Frameworks",
					"$(inherited)",
				);
				INFOPLIST_FILE = planTests/Info.plist;
				LD_RUNPATH_SEARCH_PATHS = "$(inherited) @executable_path/Frameworks @loader_path/Frameworks";
				PRODUCT_NAME = "$(TARGET_NAME)";
				PROVISIONING_PROFILE = "94255e3c-aac2-4e0a-b2c7-4b093e1691e6";
				TEST_HOST = "$(BUILT_PRODUCTS_DIR)/plan.app/plan";
			};
			name = Release;
		};
/* End XCBuildConfiguration section */

/* Begin XCConfigurationList section */
		135B217E1B900394005CE84A /* Build configuration list for PBXProject "plan" */ = {
			isa = XCConfigurationList;
			buildConfigurations = (
				135B21A71B900394005CE84A /* Debug */,
				135B21A81B900394005CE84A /* Release */,
			);
			defaultConfigurationIsVisible = 0;
			defaultConfigurationName = Release;
		};
		135B21A91B900394005CE84A /* Build configuration list for PBXNativeTarget "plan" */ = {
			isa = XCConfigurationList;
			buildConfigurations = (
				135B21AA1B900394005CE84A /* Debug */,
				135B21AB1B900394005CE84A /* Release */,
			);
			defaultConfigurationIsVisible = 0;
			defaultConfigurationName = Release;
		};
		135B21AC1B900394005CE84A /* Build configuration list for PBXNativeTarget "planTests" */ = {
			isa = XCConfigurationList;
			buildConfigurations = (
				135B21AD1B900394005CE84A /* Debug */,
				135B21AE1B900394005CE84A /* Release */,
			);
			defaultConfigurationIsVisible = 0;
			defaultConfigurationName = Release;
		};
/* End XCConfigurationList section */
	};
	rootObject = 135B217B1B900394005CE84A /* Project object */;
}
